// !$*UTF8*$!
{
	archiveVersion = 1;
	classes = {
	};
	objectVersion = 46;
	objects = {

/* Begin PBXBuildFile section */
		5912742B1E76FCB000DFBA1A /* AppDelegate.swift in Sources */ = {isa = PBXBuildFile; fileRef = 5912742A1E76FCB000DFBA1A /* AppDelegate.swift */; };
		5912742D1E76FCB000DFBA1A /* ViewController.swift in Sources */ = {isa = PBXBuildFile; fileRef = 5912742C1E76FCB000DFBA1A /* ViewController.swift */; };
		591274301E76FCB000DFBA1A /* Main.storyboard in Resources */ = {isa = PBXBuildFile; fileRef = 5912742E1E76FCB000DFBA1A /* Main.storyboard */; };
		591274321E76FCB000DFBA1A /* Assets.xcassets in Resources */ = {isa = PBXBuildFile; fileRef = 591274311E76FCB000DFBA1A /* Assets.xcassets */; };
		591274351E76FCB000DFBA1A /* LaunchScreen.storyboard in Resources */ = {isa = PBXBuildFile; fileRef = 591274331E76FCB000DFBA1A /* LaunchScreen.storyboard */; };
		591274401E76FCB000DFBA1A /* BoomAppTests.swift in Sources */ = {isa = PBXBuildFile; fileRef = 5912743F1E76FCB000DFBA1A /* BoomAppTests.swift */; };
		5912744B1E76FCB000DFBA1A /* BoomAppUITests.swift in Sources */ = {isa = PBXBuildFile; fileRef = 5912744A1E76FCB000DFBA1A /* BoomAppUITests.swift */; };
/* End PBXBuildFile section */

/* Begin PBXContainerItemProxy section */
		5912743C1E76FCB000DFBA1A /* PBXContainerItemProxy */ = {
			isa = PBXContainerItemProxy;
			containerPortal = 5912741F1E76FCAF00DFBA1A /* Project object */;
			proxyType = 1;
			remoteGlobalIDString = 591274261E76FCAF00DFBA1A;
			remoteInfo = BoomApp;
		};
		591274471E76FCB000DFBA1A /* PBXContainerItemProxy */ = {
			isa = PBXContainerItemProxy;
			containerPortal = 5912741F1E76FCAF00DFBA1A /* Project object */;
			proxyType = 1;
			remoteGlobalIDString = 591274261E76FCAF00DFBA1A;
			remoteInfo = BoomApp;
		};
/* End PBXContainerItemProxy section */

/* Begin PBXFileReference section */
		591274271E76FCB000DFBA1A /* BoomApp.app */ = {isa = PBXFileReference; explicitFileType = wrapper.application; includeInIndex = 0; path = BoomApp.app; sourceTree = BUILT_PRODUCTS_DIR; };
		5912742A1E76FCB000DFBA1A /* AppDelegate.swift */ = {isa = PBXFileReference; lastKnownFileType = sourcecode.swift; path = AppDelegate.swift; sourceTree = "<group>"; };
		5912742C1E76FCB000DFBA1A /* ViewController.swift */ = {isa = PBXFileReference; lastKnownFileType = sourcecode.swift; path = ViewController.swift; sourceTree = "<group>"; };
		5912742F1E76FCB000DFBA1A /* Base */ = {isa = PBXFileReference; lastKnownFileType = file.storyboard; name = Base; path = Base.lproj/Main.storyboard; sourceTree = "<group>"; };
		591274311E76FCB000DFBA1A /* Assets.xcassets */ = {isa = PBXFileReference; lastKnownFileType = folder.assetcatalog; path = Assets.xcassets; sourceTree = "<group>"; };
		591274341E76FCB000DFBA1A /* Base */ = {isa = PBXFileReference; lastKnownFileType = file.storyboard; name = Base; path = Base.lproj/LaunchScreen.storyboard; sourceTree = "<group>"; };
		591274361E76FCB000DFBA1A /* Info.plist */ = {isa = PBXFileReference; lastKnownFileType = text.plist.xml; path = Info.plist; sourceTree = "<group>"; };
		5912743B1E76FCB000DFBA1A /* BoomAppTests.xctest */ = {isa = PBXFileReference; explicitFileType = wrapper.cfbundle; includeInIndex = 0; path = BoomAppTests.xctest; sourceTree = BUILT_PRODUCTS_DIR; };
		5912743F1E76FCB000DFBA1A /* BoomAppTests.swift */ = {isa = PBXFileReference; lastKnownFileType = sourcecode.swift; path = BoomAppTests.swift; sourceTree = "<group>"; };
		591274411E76FCB000DFBA1A /* Info.plist */ = {isa = PBXFileReference; lastKnownFileType = text.plist.xml; path = Info.plist; sourceTree = "<group>"; };
		591274461E76FCB000DFBA1A /* BoomAppUITests.xctest */ = {isa = PBXFileReference; explicitFileType = wrapper.cfbundle; includeInIndex = 0; path = BoomAppUITests.xctest; sourceTree = BUILT_PRODUCTS_DIR; };
		5912744A1E76FCB000DFBA1A /* BoomAppUITests.swift */ = {isa = PBXFileReference; lastKnownFileType = sourcecode.swift; path = BoomAppUITests.swift; sourceTree = "<group>"; };
		5912744C1E76FCB000DFBA1A /* Info.plist */ = {isa = PBXFileReference; lastKnownFileType = text.plist.xml; path = Info.plist; sourceTree = "<group>"; };
/* End PBXFileReference section */

/* Begin PBXFrameworksBuildPhase section */
		591274241E76FCAF00DFBA1A /* Frameworks */ = {
			isa = PBXFrameworksBuildPhase;
			buildActionMask = 2147483647;
			files = (
			);
			runOnlyForDeploymentPostprocessing = 0;
		};
		591274381E76FCB000DFBA1A /* Frameworks */ = {
			isa = PBXFrameworksBuildPhase;
			buildActionMask = 2147483647;
			files = (
			);
			runOnlyForDeploymentPostprocessing = 0;
		};
		591274431E76FCB000DFBA1A /* Frameworks */ = {
			isa = PBXFrameworksBuildPhase;
			buildActionMask = 2147483647;
			files = (
			);
			runOnlyForDeploymentPostprocessing = 0;
		};
/* End PBXFrameworksBuildPhase section */

/* Begin PBXGroup section */
		5912741E1E76FCAF00DFBA1A = {
			isa = PBXGroup;
			children = (
				591274291E76FCB000DFBA1A /* BoomApp */,
				5912743E1E76FCB000DFBA1A /* BoomAppTests */,
				591274491E76FCB000DFBA1A /* BoomAppUITests */,
				591274281E76FCB000DFBA1A /* Products */,
			);
			sourceTree = "<group>";
		};
		591274281E76FCB000DFBA1A /* Products */ = {
			isa = PBXGroup;
			children = (
				591274271E76FCB000DFBA1A /* BoomApp.app */,
				5912743B1E76FCB000DFBA1A /* BoomAppTests.xctest */,
				591274461E76FCB000DFBA1A /* BoomAppUITests.xctest */,
			);
			name = Products;
			sourceTree = "<group>";
		};
		591274291E76FCB000DFBA1A /* BoomApp */ = {
			isa = PBXGroup;
			children = (
				5912742A1E76FCB000DFBA1A /* AppDelegate.swift */,
				5912742C1E76FCB000DFBA1A /* ViewController.swift */,
				5912742E1E76FCB000DFBA1A /* Main.storyboard */,
				591274311E76FCB000DFBA1A /* Assets.xcassets */,
				591274331E76FCB000DFBA1A /* LaunchScreen.storyboard */,
				591274361E76FCB000DFBA1A /* Info.plist */,
			);
			path = BoomApp;
			sourceTree = "<group>";
		};
		5912743E1E76FCB000DFBA1A /* BoomAppTests */ = {
			isa = PBXGroup;
			children = (
				5912743F1E76FCB000DFBA1A /* BoomAppTests.swift */,
				591274411E76FCB000DFBA1A /* Info.plist */,
			);
			path = BoomAppTests;
			sourceTree = "<group>";
		};
		591274491E76FCB000DFBA1A /* BoomAppUITests */ = {
			isa = PBXGroup;
			children = (
				5912744A1E76FCB000DFBA1A /* BoomAppUITests.swift */,
				5912744C1E76FCB000DFBA1A /* Info.plist */,
			);
			path = BoomAppUITests;
			sourceTree = "<group>";
		};
/* End PBXGroup section */

/* Begin PBXNativeTarget section */
		591274261E76FCAF00DFBA1A /* BoomApp */ = {
			isa = PBXNativeTarget;
			buildConfigurationList = 5912744F1E76FCB000DFBA1A /* Build configuration list for PBXNativeTarget "BoomApp" */;
			buildPhases = (
				591274231E76FCAF00DFBA1A /* Sources */,
				591274241E76FCAF00DFBA1A /* Frameworks */,
				591274251E76FCAF00DFBA1A /* Resources */,
			);
			buildRules = (
			);
			dependencies = (
			);
			name = BoomApp;
			productName = BoomApp;
			productReference = 591274271E76FCB000DFBA1A /* BoomApp.app */;
			productType = "com.apple.product-type.application";
		};
		5912743A1E76FCB000DFBA1A /* BoomAppTests */ = {
			isa = PBXNativeTarget;
			buildConfigurationList = 591274521E76FCB000DFBA1A /* Build configuration list for PBXNativeTarget "BoomAppTests" */;
			buildPhases = (
				591274371E76FCB000DFBA1A /* Sources */,
				591274381E76FCB000DFBA1A /* Frameworks */,
				591274391E76FCB000DFBA1A /* Resources */,
			);
			buildRules = (
			);
			dependencies = (
				5912743D1E76FCB000DFBA1A /* PBXTargetDependency */,
			);
			name = BoomAppTests;
			productName = BoomAppTests;
			productReference = 5912743B1E76FCB000DFBA1A /* BoomAppTests.xctest */;
			productType = "com.apple.product-type.bundle.unit-test";
		};
		591274451E76FCB000DFBA1A /* BoomAppUITests */ = {
			isa = PBXNativeTarget;
			buildConfigurationList = 591274551E76FCB000DFBA1A /* Build configuration list for PBXNativeTarget "BoomAppUITests" */;
			buildPhases = (
				591274421E76FCB000DFBA1A /* Sources */,
				591274431E76FCB000DFBA1A /* Frameworks */,
				591274441E76FCB000DFBA1A /* Resources */,
			);
			buildRules = (
			);
			dependencies = (
				591274481E76FCB000DFBA1A /* PBXTargetDependency */,
			);
			name = BoomAppUITests;
			productName = BoomAppUITests;
			productReference = 591274461E76FCB000DFBA1A /* BoomAppUITests.xctest */;
			productType = "com.apple.product-type.bundle.ui-testing";
		};
/* End PBXNativeTarget section */

/* Begin PBXProject section */
		5912741F1E76FCAF00DFBA1A /* Project object */ = {
			isa = PBXProject;
			attributes = {
				LastSwiftUpdateCheck = 0820;
				LastUpgradeCheck = 0820;
				ORGANIZATIONNAME = "Kodigo PH";
				TargetAttributes = {
					591274261E76FCAF00DFBA1A = {
						CreatedOnToolsVersion = 8.2.1;
						ProvisioningStyle = Automatic;
					};
					5912743A1E76FCB000DFBA1A = {
						CreatedOnToolsVersion = 8.2.1;
						ProvisioningStyle = Automatic;
						TestTargetID = 591274261E76FCAF00DFBA1A;
					};
					591274451E76FCB000DFBA1A = {
						CreatedOnToolsVersion = 8.2.1;
						ProvisioningStyle = Automatic;
						TestTargetID = 591274261E76FCAF00DFBA1A;
					};
				};
			};
			buildConfigurationList = 591274221E76FCAF00DFBA1A /* Build configuration list for PBXProject "BoomApp" */;
			compatibilityVersion = "Xcode 3.2";
			developmentRegion = English;
			hasScannedForEncodings = 0;
			knownRegions = (
				en,
				Base,
			);
			mainGroup = 5912741E1E76FCAF00DFBA1A;
			productRefGroup = 591274281E76FCB000DFBA1A /* Products */;
			projectDirPath = "";
			projectRoot = "";
			targets = (
				591274261E76FCAF00DFBA1A /* BoomApp */,
				5912743A1E76FCB000DFBA1A /* BoomAppTests */,
				591274451E76FCB000DFBA1A /* BoomAppUITests */,
			);
		};
/* End PBXProject section */

/* Begin PBXResourcesBuildPhase section */
		591274251E76FCAF00DFBA1A /* Resources */ = {
			isa = PBXResourcesBuildPhase;
			buildActionMask = 2147483647;
			files = (
				591274351E76FCB000DFBA1A /* LaunchScreen.storyboard in Resources */,
				591274321E76FCB000DFBA1A /* Assets.xcassets in Resources */,
				591274301E76FCB000DFBA1A /* Main.storyboard in Resources */,
			);
			runOnlyForDeploymentPostprocessing = 0;
		};
		591274391E76FCB000DFBA1A /* Resources */ = {
			isa = PBXResourcesBuildPhase;
			buildActionMask = 2147483647;
			files = (
			);
			runOnlyForDeploymentPostprocessing = 0;
		};
		591274441E76FCB000DFBA1A /* Resources */ = {
			isa = PBXResourcesBuildPhase;
			buildActionMask = 2147483647;
			files = (
			);
			runOnlyForDeploymentPostprocessing = 0;
		};
/* End PBXResourcesBuildPhase section */

/* Begin PBXSourcesBuildPhase section */
		591274231E76FCAF00DFBA1A /* Sources */ = {
			isa = PBXSourcesBuildPhase;
			buildActionMask = 2147483647;
			files = (
				5912742D1E76FCB000DFBA1A /* ViewController.swift in Sources */,
				5912742B1E76FCB000DFBA1A /* AppDelegate.swift in Sources */,
			);
			runOnlyForDeploymentPostprocessing = 0;
		};
		591274371E76FCB000DFBA1A /* Sources */ = {
			isa = PBXSourcesBuildPhase;
			buildActionMask = 2147483647;
			files = (
				591274401E76FCB000DFBA1A /* BoomAppTests.swift in Sources */,
			);
			runOnlyForDeploymentPostprocessing = 0;
		};
		591274421E76FCB000DFBA1A /* Sources */ = {
			isa = PBXSourcesBuildPhase;
			buildActionMask = 2147483647;
			files = (
				5912744B1E76FCB000DFBA1A /* BoomAppUITests.swift in Sources */,
			);
			runOnlyForDeploymentPostprocessing = 0;
		};
/* End PBXSourcesBuildPhase section */

/* Begin PBXTargetDependency section */
		5912743D1E76FCB000DFBA1A /* PBXTargetDependency */ = {
			isa = PBXTargetDependency;
			target = 591274261E76FCAF00DFBA1A /* BoomApp */;
			targetProxy = 5912743C1E76FCB000DFBA1A /* PBXContainerItemProxy */;
		};
		591274481E76FCB000DFBA1A /* PBXTargetDependency */ = {
			isa = PBXTargetDependency;
			target = 591274261E76FCAF00DFBA1A /* BoomApp */;
			targetProxy = 591274471E76FCB000DFBA1A /* PBXContainerItemProxy */;
		};
/* End PBXTargetDependency section */

/* Begin PBXVariantGroup section */
		5912742E1E76FCB000DFBA1A /* Main.storyboard */ = {
			isa = PBXVariantGroup;
			children = (
				5912742F1E76FCB000DFBA1A /* Base */,
			);
			name = Main.storyboard;
			sourceTree = "<group>";
		};
		591274331E76FCB000DFBA1A /* LaunchScreen.storyboard */ = {
			isa = PBXVariantGroup;
			children = (
				591274341E76FCB000DFBA1A /* Base */,
			);
			name = LaunchScreen.storyboard;
			sourceTree = "<group>";
		};
/* End PBXVariantGroup section */

/* Begin XCBuildConfiguration section */
		5912744D1E76FCB000DFBA1A /* Debug */ = {
			isa = XCBuildConfiguration;
			buildSettings = {
				ALWAYS_SEARCH_USER_PATHS = NO;
				CLANG_ANALYZER_NONNULL = YES;
				CLANG_CXX_LANGUAGE_STANDARD = "gnu++0x";
				CLANG_CXX_LIBRARY = "libc++";
				CLANG_ENABLE_MODULES = YES;
				CLANG_ENABLE_OBJC_ARC = YES;
				CLANG_WARN_BOOL_CONVERSION = YES;
				CLANG_WARN_CONSTANT_CONVERSION = YES;
				CLANG_WARN_DIRECT_OBJC_ISA_USAGE = YES_ERROR;
				CLANG_WARN_DOCUMENTATION_COMMENTS = YES;
				CLANG_WARN_EMPTY_BODY = YES;
				CLANG_WARN_ENUM_CONVERSION = YES;
				CLANG_WARN_INFINITE_RECURSION = YES;
				CLANG_WARN_INT_CONVERSION = YES;
				CLANG_WARN_OBJC_ROOT_CLASS = YES_ERROR;
				CLANG_WARN_SUSPICIOUS_MOVE = YES;
				CLANG_WARN_UNREACHABLE_CODE = YES;
				CLANG_WARN__DUPLICATE_METHOD_MATCH = YES;
				"CODE_SIGN_IDENTITY[sdk=iphoneos*]" = "iPhone Developer";
				COPY_PHASE_STRIP = NO;
				DEBUG_INFORMATION_FORMAT = dwarf;
				ENABLE_STRICT_OBJC_MSGSEND = YES;
				ENABLE_TESTABILITY = YES;
				GCC_C_LANGUAGE_STANDARD = gnu99;
				GCC_DYNAMIC_NO_PIC = NO;
				GCC_NO_COMMON_BLOCKS = YES;
				GCC_OPTIMIZATION_LEVEL = 0;
				GCC_PREPROCESSOR_DEFINITIONS = (
					"DEBUG=1",
					"$(inherited)",
				);
				GCC_WARN_64_TO_32_BIT_CONVERSION = YES;
				GCC_WARN_ABOUT_RETURN_TYPE = YES_ERROR;
				GCC_WARN_UNDECLARED_SELECTOR = YES;
				GCC_WARN_UNINITIALIZED_AUTOS = YES_AGGRESSIVE;
				GCC_WARN_UNUSED_FUNCTION = YES;
				GCC_WARN_UNUSED_VARIABLE = YES;
				IPHONEOS_DEPLOYMENT_TARGET = 10.2;
				MTL_ENABLE_DEBUG_INFO = YES;
				ONLY_ACTIVE_ARCH = YES;
				SDKROOT = iphoneos;
				SWIFT_ACTIVE_COMPILATION_CONDITIONS = DEBUG;
				SWIFT_OPTIMIZATION_LEVEL = "-Onone";
			};
			name = Debug;
		};
		5912744E1E76FCB000DFBA1A /* Release */ = {
			isa = XCBuildConfiguration;
			buildSettings = {
				ALWAYS_SEARCH_USER_PATHS = NO;
				CLANG_ANALYZER_NONNULL = YES;
				CLANG_CXX_LANGUAGE_STANDARD = "gnu++0x";
				CLANG_CXX_LIBRARY = "libc++";
				CLANG_ENABLE_MODULES = YES;
				CLANG_ENABLE_OBJC_ARC = YES;
				CLANG_WARN_BOOL_CONVERSION = YES;
				CLANG_WARN_CONSTANT_CONVERSION = YES;
				CLANG_WARN_DIRECT_OBJC_ISA_USAGE = YES_ERROR;
				CLANG_WARN_DOCUMENTATION_COMMENTS = YES;
				CLANG_WARN_EMPTY_BODY = YES;
				CLANG_WARN_ENUM_CONVERSION = YES;
				CLANG_WARN_INFINITE_RECURSION = YES;
				CLANG_WARN_INT_CONVERSION = YES;
				CLANG_WARN_OBJC_ROOT_CLASS = YES_ERROR;
				CLANG_WARN_SUSPICIOUS_MOVE = YES;
				CLANG_WARN_UNREACHABLE_CODE = YES;
				CLANG_WARN__DUPLICATE_METHOD_MATCH = YES;
				"CODE_SIGN_IDENTITY[sdk=iphoneos*]" = "iPhone Developer";
				COPY_PHASE_STRIP = NO;
				DEBUG_INFORMATION_FORMAT = "dwarf-with-dsym";
				ENABLE_NS_ASSERTIONS = NO;
				ENABLE_STRICT_OBJC_MSGSEND = YES;
				GCC_C_LANGUAGE_STANDARD = gnu99;
				GCC_NO_COMMON_BLOCKS = YES;
				GCC_WARN_64_TO_32_BIT_CONVERSION = YES;
				GCC_WARN_ABOUT_RETURN_TYPE = YES_ERROR;
				GCC_WARN_UNDECLARED_SELECTOR = YES;
				GCC_WARN_UNINITIALIZED_AUTOS = YES_AGGRESSIVE;
				GCC_WARN_UNUSED_FUNCTION = YES;
				GCC_WARN_UNUSED_VARIABLE = YES;
				IPHONEOS_DEPLOYMENT_TARGET = 10.2;
				MTL_ENABLE_DEBUG_INFO = NO;
				SDKROOT = iphoneos;
				SWIFT_OPTIMIZATION_LEVEL = "-Owholemodule";
				VALIDATE_PRODUCT = YES;
			};
			name = Release;
		};
		591274501E76FCB000DFBA1A /* Debug */ = {
			isa = XCBuildConfiguration;
			buildSettings = {
				ASSETCATALOG_COMPILER_APPICON_NAME = AppIcon;
				INFOPLIST_FILE = BoomApp/Info.plist;
				LD_RUNPATH_SEARCH_PATHS = "$(inherited) @executable_path/Frameworks";
				PRODUCT_BUNDLE_IDENTIFIER = com.kodigoph.BoomApp;
				PRODUCT_NAME = "$(TARGET_NAME)";
				SWIFT_VERSION = 3.0;
			};
			name = Debug;
		};
		591274511E76FCB000DFBA1A /* Release */ = {
			isa = XCBuildConfiguration;
			buildSettings = {
				ASSETCATALOG_COMPILER_APPICON_NAME = AppIcon;
				INFOPLIST_FILE = BoomApp/Info.plist;
				LD_RUNPATH_SEARCH_PATHS = "$(inherited) @executable_path/Frameworks";
				PRODUCT_BUNDLE_IDENTIFIER = com.kodigoph.BoomApp;
				PRODUCT_NAME = "$(TARGET_NAME)";
				SWIFT_VERSION = 3.0;
			};
			name = Release;
		};
		591274531E76FCB000DFBA1A /* Debug */ = {
			isa = XCBuildConfiguration;
			buildSettings = {
				ALWAYS_EMBED_SWIFT_STANDARD_LIBRARIES = YES;
				BUNDLE_LOADER = "$(TEST_HOST)";
				INFOPLIST_FILE = BoomAppTests/Info.plist;
				LD_RUNPATH_SEARCH_PATHS = "$(inherited) @executable_path/Frameworks @loader_path/Frameworks";
				PRODUCT_BUNDLE_IDENTIFIER = com.kodigoph.BoomAppTests;
				PRODUCT_NAME = "$(TARGET_NAME)";
				SWIFT_VERSION = 3.0;
				TEST_HOST = "$(BUILT_PRODUCTS_DIR)/BoomApp.app/BoomApp";
			};
			name = Debug;
		};
		591274541E76FCB000DFBA1A /* Release */ = {
			isa = XCBuildConfiguration;
			buildSettings = {
				ALWAYS_EMBED_SWIFT_STANDARD_LIBRARIES = YES;
				BUNDLE_LOADER = "$(TEST_HOST)";
				INFOPLIST_FILE = BoomAppTests/Info.plist;
				LD_RUNPATH_SEARCH_PATHS = "$(inherited) @executable_path/Frameworks @loader_path/Frameworks";
				PRODUCT_BUNDLE_IDENTIFIER = com.kodigoph.BoomAppTests;
				PRODUCT_NAME = "$(TARGET_NAME)";
				SWIFT_VERSION = 3.0;
				TEST_HOST = "$(BUILT_PRODUCTS_DIR)/BoomApp.app/BoomApp";
			};
			name = Release;
		};
		591274561E76FCB000DFBA1A /* Debug */ = {
			isa = XCBuildConfiguration;
			buildSettings = {
				ALWAYS_EMBED_SWIFT_STANDARD_LIBRARIES = YES;
				INFOPLIST_FILE = BoomAppUITests/Info.plist;
				LD_RUNPATH_SEARCH_PATHS = "$(inherited) @executable_path/Frameworks @loader_path/Frameworks";
				PRODUCT_BUNDLE_IDENTIFIER = com.kodigoph.BoomAppUITests;
				PRODUCT_NAME = "$(TARGET_NAME)";
				SWIFT_VERSION = 3.0;
				TEST_TARGET_NAME = BoomApp;
			};
			name = Debug;
		};
		591274571E76FCB000DFBA1A /* Release */ = {
			isa = XCBuildConfiguration;
			buildSettings = {
				ALWAYS_EMBED_SWIFT_STANDARD_LIBRARIES = YES;
				INFOPLIST_FILE = BoomAppUITests/Info.plist;
				LD_RUNPATH_SEARCH_PATHS = "$(inherited) @executable_path/Frameworks @loader_path/Frameworks";
				PRODUCT_BUNDLE_IDENTIFIER = com.kodigoph.BoomAppUITests;
				PRODUCT_NAME = "$(TARGET_NAME)";
				SWIFT_VERSION = 3.0;
				TEST_TARGET_NAME = BoomApp;
			};
			name = Release;
		};
/* End XCBuildConfiguration section */

/* Begin XCConfigurationList section */
		591274221E76FCAF00DFBA1A /* Build configuration list for PBXProject "BoomApp" */ = {
			isa = XCConfigurationList;
			buildConfigurations = (
				5912744D1E76FCB000DFBA1A /* Debug */,
				5912744E1E76FCB000DFBA1A /* Release */,
			);
			defaultConfigurationIsVisible = 0;
			defaultConfigurationName = Release;
		};
		5912744F1E76FCB000DFBA1A /* Build configuration list for PBXNativeTarget "BoomApp" */ = {
			isa = XCConfigurationList;
			buildConfigurations = (
				591274501E76FCB000DFBA1A /* Debug */,
				591274511E76FCB000DFBA1A /* Release */,
			);
			defaultConfigurationIsVisible = 0;
		};
		591274521E76FCB000DFBA1A /* Build configuration list for PBXNativeTarget "BoomAppTests" */ = {
			isa = XCConfigurationList;
			buildConfigurations = (
				591274531E76FCB000DFBA1A /* Debug */,
				591274541E76FCB000DFBA1A /* Release */,
			);
			defaultConfigurationIsVisible = 0;
		};
		591274551E76FCB000DFBA1A /* Build configuration list for PBXNativeTarget "BoomAppUITests" */ = {
			isa = XCConfigurationList;
			buildConfigurations = (
				591274561E76FCB000DFBA1A /* Debug */,
				591274571E76FCB000DFBA1A /* Release */,
			);
			defaultConfigurationIsVisible = 0;
		};
/* End XCConfigurationList section */
	};
	rootObject = 5912741F1E76FCAF00DFBA1A /* Project object */;
}
